
Microsoft Visual Studio Solution File, Format Version 12.00
# Visual Studio Version 17
VisualStudioVersion = 17.0.32014.148
MinimumVisualStudioVersion = 10.0.40219.1
Project("{9A19103F-16F7-4668-BE54-9A1E7A4F7556}") = "DotNotStandard.DependencyInjection.AutoDiscovery", "Core\DotNotStandard.DependencyInjection.AutoDiscovery.csproj", "{1EC804F2-5229-4BE3-8373-AE3127B401B9}"
EndProject
Project("{FAE04EC0-301F-11D3-BF4B-00C04F79EFBC}") = "DotNotStandard.DependencyInjection.AutoDiscovery.UnitTests", "..\Tests\Core\DotNotStandard.DependencyInjection.AutoDiscovery.UnitTests.csproj", "{730816F4-A3F3-433A-8585-02AA35684F96}"
EndProject
Global
	GlobalSection(SolutionConfigurationPlatforms) = preSolution
		Debug|Any CPU = Debug|Any CPU
		Release|Any CPU = Release|Any CPU
	EndGlobalSection
	GlobalSection(ProjectConfigurationPlatforms) = postSolution
		{1EC804F2-5229-4BE3-8373-AE3127B401B9}.Debug|Any CPU.ActiveCfg = Debug|Any CPU
		{1EC804F2-5229-4BE3-8373-AE3127B401B9}.Debug|Any CPU.Build.0 = Debug|Any CPU
		{1EC804F2-5229-4BE3-8373-AE3127B401B9}.Release|Any CPU.ActiveCfg = Release|Any CPU
		{1EC804F2-5229-4BE3-8373-AE3127B401B9}.Release|Any CPU.Build.0 = Release|Any CPU
		{730816F4-A3F3-433A-8585-02AA35684F96}.Debug|Any CPU.ActiveCfg = Debug|Any CPU
		{730816F4-A3F3-433A-8585-02AA35684F96}.Debug|Any CPU.Build.0 = Debug|Any CPU
		{730816F4-A3F3-433A-8585-02AA35684F96}.Release|Any CPU.ActiveCfg = Release|Any CPU
		{730816F4-A3F3-433A-8585-02AA35684F96}.Release|Any CPU.Build.0 = Release|Any CPU
	EndGlobalSection
	GlobalSection(SolutionProperties) = preSolution
		HideSolutionNode = FALSE
	EndGlobalSection
	GlobalSection(ExtensibilityGlobals) = postSolution
		SolutionGuid = {25A4D3FD-77C8-46CE-807D-7009C153728F}
	EndGlobalSection
EndGlobal
